
Microsoft Visual Studio Solution File, Format Version 12.00
# Visual Studio 2013
VisualStudioVersion = 12.0.31101.0
MinimumVisualStudioVersion = 10.0.40219.1
Project("{FAE04EC0-301F-11D3-BF4B-00C04F79EFBC}") = "TabNavigation", "TabNavigation\TabNavigation\TabNavigation.csproj", "{3B1F856D-294E-4DBB-953C-09C3AF1031FB}"
EndProject
Project("{FAE04EC0-301F-11D3-BF4B-00C04F79EFBC}") = "TabNavigation.iOS", "TabNavigation\TabNavigation.iOS\TabNavigation.iOS.csproj", "{17DC80B0-4362-4C8A-8158-DF389FFC18A6}"
EndProject
Project("{FAE04EC0-301F-11D3-BF4B-00C04F79EFBC}") = "TabNavigation.Android", "TabNavigation\TabNavigation.Android\TabNavigation.Android.csproj", "{8E96017A-DA9F-40DC-B6D6-9314060E119E}"
EndProject
Project("{FAE04EC0-301F-11D3-BF4B-00C04F79EFBC}") = "TabNavigation.WinPhone", "TabNavigation\TabNavigation.WinPhone\TabNavigation.WinPhone.csproj", "{A7A2FF00-4F22-429D-A570-1E7402ADCCDD}"
EndProject
Global
	GlobalSection(SolutionConfigurationPlatforms) = preSolution
		Ad-Hoc|Any CPU = Ad-Hoc|Any CPU
		Ad-Hoc|ARM = Ad-Hoc|ARM
		Ad-Hoc|iPhone = Ad-Hoc|iPhone
		Ad-Hoc|iPhoneSimulator = Ad-Hoc|iPhoneSimulator
		Ad-Hoc|Mixed Platforms = Ad-Hoc|Mixed Platforms
		Ad-Hoc|x86 = Ad-Hoc|x86
		AppStore|Any CPU = AppStore|Any CPU
		AppStore|ARM = AppStore|ARM
		AppStore|iPhone = AppStore|iPhone
		AppStore|iPhoneSimulator = AppStore|iPhoneSimulator
		AppStore|Mixed Platforms = AppStore|Mixed Platforms
		AppStore|x86 = AppStore|x86
		Debug|Any CPU = Debug|Any CPU
		Debug|ARM = Debug|ARM
		Debug|iPhone = Debug|iPhone
		Debug|iPhoneSimulator = Debug|iPhoneSimulator
		Debug|Mixed Platforms = Debug|Mixed Platforms
		Debug|x86 = Debug|x86
		Release|Any CPU = Release|Any CPU
		Release|ARM = Release|ARM
		Release|iPhone = Release|iPhone
		Release|iPhoneSimulator = Release|iPhoneSimulator
		Release|Mixed Platforms = Release|Mixed Platforms
		Release|x86 = Release|x86
	EndGlobalSection
	GlobalSection(ProjectConfigurationPlatforms) = postSolution
		{3B1F856D-294E-4DBB-953C-09C3AF1031FB}.Ad-Hoc|Any CPU.ActiveCfg = Release|Any CPU
		{3B1F856D-294E-4DBB-953C-09C3AF1031FB}.Ad-Hoc|Any CPU.Build.0 = Release|Any CPU
		{3B1F856D-294E-4DBB-953C-09C3AF1031FB}.Ad-Hoc|ARM.ActiveCfg = Release|Any CPU
		{3B1F856D-294E-4DBB-953C-09C3AF1031FB}.Ad-Hoc|iPhone.ActiveCfg = Release|Any CPU
		{3B1F856D-294E-4DBB-953C-09C3AF1031FB}.Ad-Hoc|iPhoneSimulator.ActiveCfg = Release|Any CPU
		{3B1F856D-294E-4DBB-953C-09C3AF1031FB}.Ad-Hoc|Mixed Platforms.ActiveCfg = Release|Any CPU
		{3B1F856D-294E-4DBB-953C-09C3AF1031FB}.Ad-Hoc|Mixed Platforms.Build.0 = Release|Any CPU
		{3B1F856D-294E-4DBB-953C-09C3AF1031FB}.Ad-Hoc|x86.ActiveCfg = Release|Any CPU
		{3B1F856D-294E-4DBB-953C-09C3AF1031FB}.AppStore|Any CPU.ActiveCfg = Release|Any CPU
		{3B1F856D-294E-4DBB-953C-09C3AF1031FB}.AppStore|Any CPU.Build.0 = Release|Any CPU
		{3B1F856D-294E-4DBB-953C-09C3AF1031FB}.AppStore|ARM.ActiveCfg = Release|Any CPU
		{3B1F856D-294E-4DBB-953C-09C3AF1031FB}.AppStore|iPhone.ActiveCfg = Release|Any CPU
		{3B1F856D-294E-4DBB-953C-09C3AF1031FB}.AppStore|iPhoneSimulator.ActiveCfg = Release|Any CPU
		{3B1F856D-294E-4DBB-953C-09C3AF1031FB}.AppStore|Mixed Platforms.ActiveCfg = Release|Any CPU
		{3B1F856D-294E-4DBB-953C-09C3AF1031FB}.AppStore|Mixed Platforms.Build.0 = Release|Any CPU
		{3B1F856D-294E-4DBB-953C-09C3AF1031FB}.AppStore|x86.ActiveCfg = Release|Any CPU
		{3B1F856D-294E-4DBB-953C-09C3AF1031FB}.Debug|Any CPU.ActiveCfg = Debug|Any CPU
		{3B1F856D-294E-4DBB-953C-09C3AF1031FB}.Debug|Any CPU.Build.0 = Debug|Any CPU
		{3B1F856D-294E-4DBB-953C-09C3AF1031FB}.Debug|ARM.ActiveCfg = Debug|Any CPU
		{3B1F856D-294E-4DBB-953C-09C3AF1031FB}.Debug|iPhone.ActiveCfg = Debug|Any CPU
		{3B1F856D-294E-4DBB-953C-09C3AF1031FB}.Debug|iPhoneSimulator.ActiveCfg = Debug|Any CPU
		{3B1F856D-294E-4DBB-953C-09C3AF1031FB}.Debug|Mixed Platforms.ActiveCfg = Debug|Any CPU
		{3B1F856D-294E-4DBB-953C-09C3AF1031FB}.Debug|Mixed Platforms.Build.0 = Debug|Any CPU
		{3B1F856D-294E-4DBB-953C-09C3AF1031FB}.Debug|x86.ActiveCfg = Debug|Any CPU
		{3B1F856D-294E-4DBB-953C-09C3AF1031FB}.Release|Any CPU.ActiveCfg = Release|Any CPU
		{3B1F856D-294E-4DBB-953C-09C3AF1031FB}.Release|Any CPU.Build.0 = Release|Any CPU
		{3B1F856D-294E-4DBB-953C-09C3AF1031FB}.Release|ARM.ActiveCfg = Release|Any CPU
		{3B1F856D-294E-4DBB-953C-09C3AF1031FB}.Release|iPhone.ActiveCfg = Release|Any CPU
		{3B1F856D-294E-4DBB-953C-09C3AF1031FB}.Release|iPhoneSimulator.ActiveCfg = Release|Any CPU
		{3B1F856D-294E-4DBB-953C-09C3AF1031FB}.Release|Mixed Platforms.ActiveCfg = Release|Any CPU
		{3B1F856D-294E-4DBB-953C-09C3AF1031FB}.Release|Mixed Platforms.Build.0 = Release|Any CPU
		{3B1F856D-294E-4DBB-953C-09C3AF1031FB}.Release|x86.ActiveCfg = Release|Any CPU
		{17DC80B0-4362-4C8A-8158-DF389FFC18A6}.Ad-Hoc|Any CPU.ActiveCfg = Ad-Hoc|iPhone
		{17DC80B0-4362-4C8A-8158-DF389FFC18A6}.Ad-Hoc|ARM.ActiveCfg = Ad-Hoc|iPhone
		{17DC80B0-4362-4C8A-8158-DF389FFC18A6}.Ad-Hoc|iPhone.ActiveCfg = Ad-Hoc|iPhone
		{17DC80B0-4362-4C8A-8158-DF389FFC18A6}.Ad-Hoc|iPhone.Build.0 = Ad-Hoc|iPhone
		{17DC80B0-4362-4C8A-8158-DF389FFC18A6}.Ad-Hoc|iPhoneSimulator.ActiveCfg = Ad-Hoc|iPhoneSimulator
		{17DC80B0-4362-4C8A-8158-DF389FFC18A6}.Ad-Hoc|iPhoneSimulator.Build.0 = Ad-Hoc|iPhoneSimulator
		{17DC80B0-4362-4C8A-8158-DF389FFC18A6}.Ad-Hoc|Mixed Platforms.ActiveCfg = Ad-Hoc|iPhone
		{17DC80B0-4362-4C8A-8158-DF389FFC18A6}.Ad-Hoc|Mixed Platforms.Build.0 = Ad-Hoc|iPhone
		{17DC80B0-4362-4C8A-8158-DF389FFC18A6}.Ad-Hoc|x86.ActiveCfg = Ad-Hoc|iPhone
		{17DC80B0-4362-4C8A-8158-DF389FFC18A6}.AppStore|Any CPU.ActiveCfg = AppStore|iPhone
		{17DC80B0-4362-4C8A-8158-DF389FFC18A6}.AppStore|ARM.ActiveCfg = AppStore|iPhone
		{17DC80B0-4362-4C8A-8158-DF389FFC18A6}.AppStore|iPhone.ActiveCfg = AppStore|iPhone
		{17DC80B0-4362-4C8A-8158-DF389FFC18A6}.AppStore|iPhone.Build.0 = AppStore|iPhone
		{17DC80B0-4362-4C8A-8158-DF389FFC18A6}.AppStore|iPhoneSimulator.ActiveCfg = AppStore|iPhoneSimulator
		{17DC80B0-4362-4C8A-8158-DF389FFC18A6}.AppStore|iPhoneSimulator.Build.0 = AppStore|iPhoneSimulator
		{17DC80B0-4362-4C8A-8158-DF389FFC18A6}.AppStore|Mixed Platforms.ActiveCfg = AppStore|iPhone
		{17DC80B0-4362-4C8A-8158-DF389FFC18A6}.AppStore|Mixed Platforms.Build.0 = AppStore|iPhone
		{17DC80B0-4362-4C8A-8158-DF389FFC18A6}.AppStore|x86.ActiveCfg = AppStore|iPhone
		{17DC80B0-4362-4C8A-8158-DF389FFC18A6}.Debug|Any CPU.ActiveCfg = Debug|iPhone
		{17DC80B0-4362-4C8A-8158-DF389FFC18A6}.Debug|ARM.ActiveCfg = Debug|iPhone
		{17DC80B0-4362-4C8A-8158-DF389FFC18A6}.Debug|iPhone.ActiveCfg = Debug|iPhone
		{17DC80B0-4362-4C8A-8158-DF389FFC18A6}.Debug|iPhone.Build.0 = Debug|iPhone
		{17DC80B0-4362-4C8A-8158-DF389FFC18A6}.Debug|iPhoneSimulator.ActiveCfg = Debug|iPhoneSimulator
		{17DC80B0-4362-4C8A-8158-DF389FFC18A6}.Debug|iPhoneSimulator.Build.0 = Debug|iPhoneSimulator
		{17DC80B0-4362-4C8A-8158-DF389FFC18A6}.Debug|Mixed Platforms.ActiveCfg = Debug|iPhone
		{17DC80B0-4362-4C8A-8158-DF389FFC18A6}.Debug|Mixed Platforms.Build.0 = Debug|iPhone
		{17DC80B0-4362-4C8A-8158-DF389FFC18A6}.Debug|x86.ActiveCfg = Debug|iPhone
		{17DC80B0-4362-4C8A-8158-DF389FFC18A6}.Release|Any CPU.ActiveCfg = Release|iPhone
		{17DC80B0-4362-4C8A-8158-DF389FFC18A6}.Release|ARM.ActiveCfg = Release|iPhone
		{17DC80B0-4362-4C8A-8158-DF389FFC18A6}.Release|iPhone.ActiveCfg = Release|iPhone
		{17DC80B0-4362-4C8A-8158-DF389FFC18A6}.Release|iPhone.Build.0 = Release|iPhone
		{17DC80B0-4362-4C8A-8158-DF389FFC18A6}.Release|iPhoneSimulator.ActiveCfg = Release|iPhoneSimulator
		{17DC80B0-4362-4C8A-8158-DF389FFC18A6}.Release|iPhoneSimulator.Build.0 = Release|iPhoneSimulator
		{17DC80B0-4362-4C8A-8158-DF389FFC18A6}.Release|Mixed Platforms.ActiveCfg = Release|iPhone
		{17DC80B0-4362-4C8A-8158-DF389FFC18A6}.Release|Mixed Platforms.Build.0 = Release|iPhone
		{17DC80B0-4362-4C8A-8158-DF389FFC18A6}.Release|x86.ActiveCfg = Release|iPhone
		{8E96017A-DA9F-40DC-B6D6-9314060E119E}.Ad-Hoc|Any CPU.ActiveCfg = Release|Any CPU
		{8E96017A-DA9F-40DC-B6D6-9314060E119E}.Ad-Hoc|Any CPU.Build.0 = Release|Any CPU
		{8E96017A-DA9F-40DC-B6D6-9314060E119E}.Ad-Hoc|Any CPU.Deploy.0 = Release|Any CPU
		{8E96017A-DA9F-40DC-B6D6-9314060E119E}.Ad-Hoc|ARM.ActiveCfg = Release|Any CPU
		{8E96017A-DA9F-40DC-B6D6-9314060E119E}.Ad-Hoc|iPhone.ActiveCfg = Release|Any CPU
		{8E96017A-DA9F-40DC-B6D6-9314060E119E}.Ad-Hoc|iPhoneSimulator.ActiveCfg = Release|Any CPU
		{8E96017A-DA9F-40DC-B6D6-9314060E119E}.Ad-Hoc|Mixed Platforms.ActiveCfg = Release|Any CPU
		{8E96017A-DA9F-40DC-B6D6-9314060E119E}.Ad-Hoc|Mixed Platforms.Build.0 = Release|Any CPU
		{8E96017A-DA9F-40DC-B6D6-9314060E119E}.Ad-Hoc|Mixed Platforms.Deploy.0 = Release|Any CPU
		{8E96017A-DA9F-40DC-B6D6-9314060E119E}.Ad-Hoc|x86.ActiveCfg = Release|Any CPU
		{8E96017A-DA9F-40DC-B6D6-9314060E119E}.AppStore|Any CPU.ActiveCfg = Release|Any CPU
		{8E96017A-DA9F-40DC-B6D6-9314060E119E}.AppStore|Any CPU.Build.0 = Release|Any CPU
		{8E96017A-DA9F-40DC-B6D6-9314060E119E}.AppStore|Any CPU.Deploy.0 = Release|Any CPU
		{8E96017A-DA9F-40DC-B6D6-9314060E119E}.AppStore|ARM.ActiveCfg = Release|Any CPU
		{8E96017A-DA9F-40DC-B6D6-9314060E119E}.AppStore|iPhone.ActiveCfg = Release|Any CPU
		{8E96017A-DA9F-40DC-B6D6-9314060E119E}.AppStore|iPhoneSimulator.ActiveCfg = Release|Any CPU
		{8E96017A-DA9F-40DC-B6D6-9314060E119E}.AppStore|Mixed Platforms.ActiveCfg = Release|Any CPU
		{8E96017A-DA9F-40DC-B6D6-9314060E119E}.AppStore|Mixed Platforms.Build.0 = Release|Any CPU
		{8E96017A-DA9F-40DC-B6D6-9314060E119E}.AppStore|Mixed Platforms.Deploy.0 = Release|Any CPU
		{8E96017A-DA9F-40DC-B6D6-9314060E119E}.AppStore|x86.ActiveCfg = Release|Any CPU
		{8E96017A-DA9F-40DC-B6D6-9314060E119E}.Debug|Any CPU.ActiveCfg = Debug|Any CPU
		{8E96017A-DA9F-40DC-B6D6-9314060E119E}.Debug|Any CPU.Build.0 = Debug|Any CPU
		{8E96017A-DA9F-40DC-B6D6-9314060E119E}.Debug|Any CPU.Deploy.0 = Debug|Any CPU
		{8E96017A-DA9F-40DC-B6D6-9314060E119E}.Debug|ARM.ActiveCfg = Debug|Any CPU
		{8E96017A-DA9F-40DC-B6D6-9314060E119E}.Debug|iPhone.ActiveCfg = Debug|Any CPU
		{8E96017A-DA9F-40DC-B6D6-9314060E119E}.Debug|iPhoneSimulator.ActiveCfg = Debug|Any CPU
		{8E96017A-DA9F-40DC-B6D6-9314060E119E}.Debug|Mixed Platforms.ActiveCfg = Debug|Any CPU
		{8E96017A-DA9F-40DC-B6D6-9314060E119E}.Debug|Mixed Platforms.Build.0 = Debug|Any CPU
		{8E96017A-DA9F-40DC-B6D6-9314060E119E}.Debug|Mixed Platforms.Deploy.0 = Debug|Any CPU
		{8E96017A-DA9F-40DC-B6D6-9314060E119E}.Debug|x86.ActiveCfg = Debug|Any CPU
		{8E96017A-DA9F-40DC-B6D6-9314060E119E}.Release|Any CPU.ActiveCfg = Release|Any CPU
		{8E96017A-DA9F-40DC-B6D6-9314060E119E}.Release|Any CPU.Build.0 = Release|Any CPU
		{8E96017A-DA9F-40DC-B6D6-9314060E119E}.Release|Any CPU.Deploy.0 = Release|Any CPU
		{8E96017A-DA9F-40DC-B6D6-9314060E119E}.Release|ARM.ActiveCfg = Release|Any CPU
		{8E96017A-DA9F-40DC-B6D6-9314060E119E}.Release|iPhone.ActiveCfg = Release|Any CPU
		{8E96017A-DA9F-40DC-B6D6-9314060E119E}.Release|iPhoneSimulator.ActiveCfg = Release|Any CPU
		{8E96017A-DA9F-40DC-B6D6-9314060E119E}.Release|Mixed Platforms.ActiveCfg = Release|Any CPU
		{8E96017A-DA9F-40DC-B6D6-9314060E119E}.Release|Mixed Platforms.Build.0 = Release|Any CPU
		{8E96017A-DA9F-40DC-B6D6-9314060E119E}.Release|Mixed Platforms.Deploy.0 = Release|Any CPU
		{8E96017A-DA9F-40DC-B6D6-9314060E119E}.Release|x86.ActiveCfg = Release|Any CPU
		{A7A2FF00-4F22-429D-A570-1E7402ADCCDD}.Ad-Hoc|Any CPU.ActiveCfg = Release|Any CPU
		{A7A2FF00-4F22-429D-A570-1E7402ADCCDD}.Ad-Hoc|Any CPU.Build.0 = Release|Any CPU
		{A7A2FF00-4F22-429D-A570-1E7402ADCCDD}.Ad-Hoc|Any CPU.Deploy.0 = Release|Any CPU
		{A7A2FF00-4F22-429D-A570-1E7402ADCCDD}.Ad-Hoc|ARM.ActiveCfg = Release|ARM
		{A7A2FF00-4F22-429D-A570-1E7402ADCCDD}.Ad-Hoc|ARM.Build.0 = Release|ARM
		{A7A2FF00-4F22-429D-A570-1E7402ADCCDD}.Ad-Hoc|ARM.Deploy.0 = Release|ARM
		{A7A2FF00-4F22-429D-A570-1E7402ADCCDD}.Ad-Hoc|iPhone.ActiveCfg = Release|Any CPU
		{A7A2FF00-4F22-429D-A570-1E7402ADCCDD}.Ad-Hoc|iPhoneSimulator.ActiveCfg = Release|Any CPU
		{A7A2FF00-4F22-429D-A570-1E7402ADCCDD}.Ad-Hoc|Mixed Platforms.ActiveCfg = Release|x86
		{A7A2FF00-4F22-429D-A570-1E7402ADCCDD}.Ad-Hoc|Mixed Platforms.Build.0 = Release|x86
		{A7A2FF00-4F22-429D-A570-1E7402ADCCDD}.Ad-Hoc|Mixed Platforms.Deploy.0 = Release|x86
		{A7A2FF00-4F22-429D-A570-1E7402ADCCDD}.Ad-Hoc|x86.ActiveCfg = Release|x86
		{A7A2FF00-4F22-429D-A570-1E7402ADCCDD}.Ad-Hoc|x86.Build.0 = Release|x86
		{A7A2FF00-4F22-429D-A570-1E7402ADCCDD}.Ad-Hoc|x86.Deploy.0 = Release|x86
		{A7A2FF00-4F22-429D-A570-1E7402ADCCDD}.AppStore|Any CPU.ActiveCfg = Release|Any CPU
		{A7A2FF00-4F22-429D-A570-1E7402ADCCDD}.AppStore|Any CPU.Build.0 = Release|Any CPU
		{A7A2FF00-4F22-429D-A570-1E7402ADCCDD}.AppStore|Any CPU.Deploy.0 = Release|Any CPU
		{A7A2FF00-4F22-429D-A570-1E7402ADCCDD}.AppStore|ARM.ActiveCfg = Release|ARM
		{A7A2FF00-4F22-429D-A570-1E7402ADCCDD}.AppStore|ARM.Build.0 = Release|ARM
		{A7A2FF00-4F22-429D-A570-1E7402ADCCDD}.AppStore|ARM.Deploy.0 = Release|ARM
		{A7A2FF00-4F22-429D-A570-1E7402ADCCDD}.AppStore|iPhone.ActiveCfg = Release|Any CPU
		{A7A2FF00-4F22-429D-A570-1E7402ADCCDD}.AppStore|iPhoneSimulator.ActiveCfg = Release|Any CPU
		{A7A2FF00-4F22-429D-A570-1E7402ADCCDD}.AppStore|Mixed Platforms.ActiveCfg = Release|x86
		{A7A2FF00-4F22-429D-A570-1E7402ADCCDD}.AppStore|Mixed Platforms.Build.0 = Release|x86
		{A7A2FF00-4F22-429D-A570-1E7402ADCCDD}.AppStore|Mixed Platforms.Deploy.0 = Release|x86
		{A7A2FF00-4F22-429D-A570-1E7402ADCCDD}.AppStore|x86.ActiveCfg = Release|x86
		{A7A2FF00-4F22-429D-A570-1E7402ADCCDD}.AppStore|x86.Build.0 = Release|x86
		{A7A2FF00-4F22-429D-A570-1E7402ADCCDD}.AppStore|x86.Deploy.0 = Release|x86
		{A7A2FF00-4F22-429D-A570-1E7402ADCCDD}.Debug|Any CPU.ActiveCfg = Debug|Any CPU
		{A7A2FF00-4F22-429D-A570-1E7402ADCCDD}.Debug|Any CPU.Build.0 = Debug|Any CPU
		{A7A2FF00-4F22-429D-A570-1E7402ADCCDD}.Debug|Any CPU.Deploy.0 = Debug|Any CPU
		{A7A2FF00-4F22-429D-A570-1E7402ADCCDD}.Debug|ARM.ActiveCfg = Debug|ARM
		{A7A2FF00-4F22-429D-A570-1E7402ADCCDD}.Debug|ARM.Build.0 = Debug|ARM
		{A7A2FF00-4F22-429D-A570-1E7402ADCCDD}.Debug|ARM.Deploy.0 = Debug|ARM
		{A7A2FF00-4F22-429D-A570-1E7402ADCCDD}.Debug|iPhone.ActiveCfg = Debug|Any CPU
		{A7A2FF00-4F22-429D-A570-1E7402ADCCDD}.Debug|iPhoneSimulator.ActiveCfg = Debug|Any CPU
		{A7A2FF00-4F22-429D-A570-1E7402ADCCDD}.Debug|Mixed Platforms.ActiveCfg = Debug|x86
		{A7A2FF00-4F22-429D-A570-1E7402ADCCDD}.Debug|Mixed Platforms.Build.0 = Debug|x86
		{A7A2FF00-4F22-429D-A570-1E7402ADCCDD}.Debug|Mixed Platforms.Deploy.0 = Debug|x86
		{A7A2FF00-4F22-429D-A570-1E7402ADCCDD}.Debug|x86.ActiveCfg = Debug|x86
		{A7A2FF00-4F22-429D-A570-1E7402ADCCDD}.Debug|x86.Build.0 = Debug|x86
		{A7A2FF00-4F22-429D-A570-1E7402ADCCDD}.Debug|x86.Deploy.0 = Debug|x86
		{A7A2FF00-4F22-429D-A570-1E7402ADCCDD}.Release|Any CPU.ActiveCfg = Release|Any CPU
		{A7A2FF00-4F22-429D-A570-1E7402ADCCDD}.Release|Any CPU.Build.0 = Release|Any CPU
		{A7A2FF00-4F22-429D-A570-1E7402ADCCDD}.Release|Any CPU.Deploy.0 = Release|Any CPU
		{A7A2FF00-4F22-429D-A570-1E7402ADCCDD}.Release|ARM.ActiveCfg = Release|ARM
		{A7A2FF00-4F22-429D-A570-1E7402ADCCDD}.Release|ARM.Build.0 = Release|ARM
		{A7A2FF00-4F22-429D-A570-1E7402ADCCDD}.Release|ARM.Deploy.0 = Release|ARM
		{A7A2FF00-4F22-429D-A570-1E7402ADCCDD}.Release|iPhone.ActiveCfg = Release|Any CPU
		{A7A2FF00-4F22-429D-A570-1E7402ADCCDD}.Release|iPhoneSimulator.ActiveCfg = Release|Any CPU
		{A7A2FF00-4F22-429D-A570-1E7402ADCCDD}.Release|Mixed Platforms.ActiveCfg = Release|x86
		{A7A2FF00-4F22-429D-A570-1E7402ADCCDD}.Release|Mixed Platforms.Build.0 = Release|x86
		{A7A2FF00-4F22-429D-A570-1E7402ADCCDD}.Release|Mixed Platforms.Deploy.0 = Release|x86
		{A7A2FF00-4F22-429D-A570-1E7402ADCCDD}.Release|x86.ActiveCfg = Release|x86
		{A7A2FF00-4F22-429D-A570-1E7402ADCCDD}.Release|x86.Build.0 = Release|x86
		{A7A2FF00-4F22-429D-A570-1E7402ADCCDD}.Release|x86.Deploy.0 = Release|x86
	EndGlobalSection
	GlobalSection(SolutionProperties) = preSolution
		HideSolutionNode = FALSE
	EndGlobalSection
EndGlobal
